
Microsoft Visual Studio Solution File, Format Version 12.00
# Visual Studio 15
VisualStudioVersion = 15.0.28307.1145
MinimumVisualStudioVersion = 10.0.40219.1
Project("{FAE04EC0-301F-11D3-BF4B-00C04F79EFBC}") = "DAN_XXXIII_Kristina_Garcia_Francisco", "DAN_XXXIII_Kristina_Garcia_Francisco\DAN_XXXIII_Kristina_Garcia_Francisco.csproj", "{FC3C2BF9-A381-4293-B5A7-3F5AF4FFDF20}"
EndProject
Global
	GlobalSection(SolutionConfigurationPlatforms) = preSolution
		Debug|Any CPU = Debug|Any CPU
		Release|Any CPU = Release|Any CPU
	EndGlobalSection
	GlobalSection(ProjectConfigurationPlatforms) = postSolution
		{FC3C2BF9-A381-4293-B5A7-3F5AF4FFDF20}.Debug|Any CPU.ActiveCfg = Debug|Any CPU
		{FC3C2BF9-A381-4293-B5A7-3F5AF4FFDF20}.Debug|Any CPU.Build.0 = Debug|Any CPU
		{FC3C2BF9-A381-4293-B5A7-3F5AF4FFDF20}.Release|Any CPU.ActiveCfg = Release|Any CPU
		{FC3C2BF9-A381-4293-B5A7-3F5AF4FFDF20}.Release|Any CPU.Build.0 = Release|Any CPU
	EndGlobalSection
	GlobalSection(SolutionProperties) = preSolution
		HideSolutionNode = FALSE
	EndGlobalSection
	GlobalSection(ExtensibilityGlobals) = postSolution
		SolutionGuid = {D6A54F14-D1E1-465F-800D-08EF9D6245D2}
	EndGlobalSection
EndGlobal
